
Microsoft Visual Studio Solution File, Format Version 12.00
# Visual Studio Version 17
VisualStudioVersion = 17.3.32929.385
MinimumVisualStudioVersion = 10.0.40219.1
Project("{FAE04EC0-301F-11D3-BF4B-00C04F79EFBC}") = "InanToDo", "InanToDo.csproj", "{B6C1BCB1-8016-4DF4-BA2B-DFE314BF9C28}"
EndProject
Global
	GlobalSection(SolutionConfigurationPlatforms) = preSolution
		Debug|Any CPU = Debug|Any CPU
		Release|Any CPU = Release|Any CPU
	EndGlobalSection
	GlobalSection(ProjectConfigurationPlatforms) = postSolution
		{B6C1BCB1-8016-4DF4-BA2B-DFE314BF9C28}.Debug|Any CPU.ActiveCfg = Debug|Any CPU
		{B6C1BCB1-8016-4DF4-BA2B-DFE314BF9C28}.Debug|Any CPU.Build.0 = Debug|Any CPU
		{B6C1BCB1-8016-4DF4-BA2B-DFE314BF9C28}.Release|Any CPU.ActiveCfg = Release|Any CPU
		{B6C1BCB1-8016-4DF4-BA2B-DFE314BF9C28}.Release|Any CPU.Build.0 = Release|Any CPU
	EndGlobalSection
	GlobalSection(SolutionProperties) = preSolution
		HideSolutionNode = FALSE
	EndGlobalSection
	GlobalSection(ExtensibilityGlobals) = postSolution
		SolutionGuid = {FAA5F6DB-BB0D-409F-A35B-DC23B3D6CAB5}
	EndGlobalSection
EndGlobal
